
Microsoft Visual Studio Solution File, Format Version 12.00
# Visual Studio Version 17
VisualStudioVersion = 17.2.32630.192
MinimumVisualStudioVersion = 10.0.40219.1
Project("{FAE04EC0-301F-11D3-BF4B-00C04F79EFBC}") = "FactoryMetod", "FactoryMetod\FactoryMetod.csproj", "{B130A3A3-903A-42DB-87A5-F32B2A628D4E}"
EndProject
Global
	GlobalSection(SolutionConfigurationPlatforms) = preSolution
		Debug|Any CPU = Debug|Any CPU
		Release|Any CPU = Release|Any CPU
	EndGlobalSection
	GlobalSection(ProjectConfigurationPlatforms) = postSolution
		{B130A3A3-903A-42DB-87A5-F32B2A628D4E}.Debug|Any CPU.ActiveCfg = Debug|Any CPU
		{B130A3A3-903A-42DB-87A5-F32B2A628D4E}.Debug|Any CPU.Build.0 = Debug|Any CPU
		{B130A3A3-903A-42DB-87A5-F32B2A628D4E}.Release|Any CPU.ActiveCfg = Release|Any CPU
		{B130A3A3-903A-42DB-87A5-F32B2A628D4E}.Release|Any CPU.Build.0 = Release|Any CPU
	EndGlobalSection
	GlobalSection(SolutionProperties) = preSolution
		HideSolutionNode = FALSE
	EndGlobalSection
	GlobalSection(ExtensibilityGlobals) = postSolution
		SolutionGuid = {0D606B4F-8601-4366-A68E-80401402DE2E}
	EndGlobalSection
EndGlobal
